// !$*UTF8*$!
{
	archiveVersion = 1;
	classes = {
	};
	objectVersion = 48;
	objects = {

/* Begin PBXBuildFile section */
		2593F82520B8073200319C1B /* AppDelegate.swift in Sources */ = {isa = PBXBuildFile; fileRef = 2593F82420B8073200319C1B /* AppDelegate.swift */; };
		2593F82720B8073200319C1B /* ViewController.swift in Sources */ = {isa = PBXBuildFile; fileRef = 2593F82620B8073200319C1B /* ViewController.swift */; };
		2593F82A20B8073200319C1B /* Main.storyboard in Resources */ = {isa = PBXBuildFile; fileRef = 2593F82820B8073200319C1B /* Main.storyboard */; };
		2593F82C20B8073200319C1B /* Assets.xcassets in Resources */ = {isa = PBXBuildFile; fileRef = 2593F82B20B8073200319C1B /* Assets.xcassets */; };
		2593F82F20B8073200319C1B /* LaunchScreen.storyboard in Resources */ = {isa = PBXBuildFile; fileRef = 2593F82D20B8073200319C1B /* LaunchScreen.storyboard */; };
		2593F83820B8074D00319C1B /* PdfReaderViewController.swift in Sources */ = {isa = PBXBuildFile; fileRef = 2593F83720B8074D00319C1B /* PdfReaderViewController.swift */; };
		2593F83A20B8075500319C1B /* PdfReader.storyboard in Resources */ = {isa = PBXBuildFile; fileRef = 2593F83920B8075500319C1B /* PdfReader.storyboard */; };
		2593F83C20B808D600319C1B /* sample.pdf in Resources */ = {isa = PBXBuildFile; fileRef = 2593F83B20B808D600319C1B /* sample.pdf */; };
		2593F84020B83E1E00319C1B /* CloudKit.framework in Frameworks */ = {isa = PBXBuildFile; fileRef = 2593F83F20B83E1E00319C1B /* CloudKit.framework */; };
		2593F84220B842AF00319C1B /* GoogleService-Info.plist in Resources */ = {isa = PBXBuildFile; fileRef = 2593F84120B842AF00319C1B /* GoogleService-Info.plist */; };
		25B2B94C20B9625B00B8E93B /* Comment.swift in Sources */ = {isa = PBXBuildFile; fileRef = 25B2B94B20B9625B00B8E93B /* Comment.swift */; };
		25B2B94E20B9629800B8E93B /* Highlight.swift in Sources */ = {isa = PBXBuildFile; fileRef = 25B2B94D20B9629800B8E93B /* Highlight.swift */; };
		25B2B95220B9705D00B8E93B /* User.swift in Sources */ = {isa = PBXBuildFile; fileRef = 25B2B95120B9705D00B8E93B /* User.swift */; };
		25B2B95420B9713E00B8E93B /* Book.swift in Sources */ = {isa = PBXBuildFile; fileRef = 25B2B95320B9713E00B8E93B /* Book.swift */; };
		25B2B95620B974E400B8E93B /* AddCommentViewController.swift in Sources */ = {isa = PBXBuildFile; fileRef = 25B2B95520B974E400B8E93B /* AddCommentViewController.swift */; };
		25B2B95820B974F000B8E93B /* AddComment.storyboard in Resources */ = {isa = PBXBuildFile; fileRef = 25B2B95720B974F000B8E93B /* AddComment.storyboard */; };
		25B2B95B20B9A56D00B8E93B /* SHA1.swift in Sources */ = {isa = PBXBuildFile; fileRef = 25B2B95A20B9A56D00B8E93B /* SHA1.swift */; };
		25B2B95D20BAB09500B8E93B /* NotificationObserver.swift in Sources */ = {isa = PBXBuildFile; fileRef = 25B2B95C20BAB09500B8E93B /* NotificationObserver.swift */; };
		25DFCFE720BC3705001C84F5 /* HomeViewController.swift in Sources */ = {isa = PBXBuildFile; fileRef = 25DFCFE620BC3705001C84F5 /* HomeViewController.swift */; };
		25DFCFE920BC3710001C84F5 /* Home.storyboard in Resources */ = {isa = PBXBuildFile; fileRef = 25DFCFE820BC3710001C84F5 /* Home.storyboard */; };
		25DFCFF920C2AA82001C84F5 /* BookCollectionViewCell.swift in Sources */ = {isa = PBXBuildFile; fileRef = 25DFCFF820C2AA82001C84F5 /* BookCollectionViewCell.swift */; };
		25DFCFFB20C2AA91001C84F5 /* BookCollectionViewCell.xib in Resources */ = {isa = PBXBuildFile; fileRef = 25DFCFFA20C2AA91001C84F5 /* BookCollectionViewCell.xib */; };
		25DFCFFE20C2AC90001C84F5 /* HomeViewModel.swift in Sources */ = {isa = PBXBuildFile; fileRef = 25DFCFFD20C2AC90001C84F5 /* HomeViewModel.swift */; };
		25DFD00520C565C6001C84F5 /* CommentsViewController.swift in Sources */ = {isa = PBXBuildFile; fileRef = 25DFD00420C565C6001C84F5 /* CommentsViewController.swift */; };
		25DFD00720C565CF001C84F5 /* Comments.storyboard in Resources */ = {isa = PBXBuildFile; fileRef = 25DFD00620C565CF001C84F5 /* Comments.storyboard */; };
		25DFD00920C6A67B001C84F5 /* PdfReaderViewModel.swift in Sources */ = {isa = PBXBuildFile; fileRef = 25DFD00820C6A67B001C84F5 /* PdfReaderViewModel.swift */; };
		25DFD00B20C6AF93001C84F5 /* CommentTableViewCell.swift in Sources */ = {isa = PBXBuildFile; fileRef = 25DFD00A20C6AF93001C84F5 /* CommentTableViewCell.swift */; };
		25DFD00D20C6AFA8001C84F5 /* CommentTableViewCell.xib in Resources */ = {isa = PBXBuildFile; fileRef = 25DFD00C20C6AFA8001C84F5 /* CommentTableViewCell.xib */; };
		25DFD00F20C96364001C84F5 /* ReadStatus.swift in Sources */ = {isa = PBXBuildFile; fileRef = 25DFD00E20C96364001C84F5 /* ReadStatus.swift */; };
		25DFD01120CB852D001C84F5 /* RandomString.swift in Sources */ = {isa = PBXBuildFile; fileRef = 25DFD01020CB852D001C84F5 /* RandomString.swift */; };
		25DFD01920D494A0001C84F5 /* CommentsViewModel.swift in Sources */ = {isa = PBXBuildFile; fileRef = 25DFD01820D494A0001C84F5 /* CommentsViewModel.swift */; };
		25DFD02020D678EE001C84F5 /* HighlightListViewController.swift in Sources */ = {isa = PBXBuildFile; fileRef = 25DFD01F20D678EE001C84F5 /* HighlightListViewController.swift */; };
		25DFD02220D6795B001C84F5 /* HighlightListViewModel.swift in Sources */ = {isa = PBXBuildFile; fileRef = 25DFD02120D6795B001C84F5 /* HighlightListViewModel.swift */; };
		25DFD02420D67BB3001C84F5 /* HighlightList.storyboard in Resources */ = {isa = PBXBuildFile; fileRef = 25DFD02320D67BB3001C84F5 /* HighlightList.storyboard */; };
		25DFD02620D69749001C84F5 /* HighlightSummaryTableViewCell.swift in Sources */ = {isa = PBXBuildFile; fileRef = 25DFD02520D69749001C84F5 /* HighlightSummaryTableViewCell.swift */; };
		25DFD02820D69758001C84F5 /* HighlightSummaryTableViewCell.xib in Resources */ = {isa = PBXBuildFile; fileRef = 25DFD02720D69758001C84F5 /* HighlightSummaryTableViewCell.xib */; };
		25DFD02A20D80728001C84F5 /* DateUtil.swift in Sources */ = {isa = PBXBuildFile; fileRef = 25DFD02920D80728001C84F5 /* DateUtil.swift */; };
		25DFD02D20DBF90A001C84F5 /* BookSettingsViewController.swift in Sources */ = {isa = PBXBuildFile; fileRef = 25DFD02C20DBF90A001C84F5 /* BookSettingsViewController.swift */; };
		25DFD02F20DBF925001C84F5 /* BookSettings.storyboard in Resources */ = {isa = PBXBuildFile; fileRef = 25DFD02E20DBF925001C84F5 /* BookSettings.storyboard */; };
		25DFD03120DC6EF3001C84F5 /* UserDefaultsUtil.swift in Sources */ = {isa = PBXBuildFile; fileRef = 25DFD03020DC6EF3001C84F5 /* UserDefaultsUtil.swift */; };
		25DFD03320DDDE59001C84F5 /* BookSettingsViewModel.swift in Sources */ = {isa = PBXBuildFile; fileRef = 25DFD03220DDDE59001C84F5 /* BookSettingsViewModel.swift */; };
		BDF1A311C04A47F52E580EF1 /* Pods_MachReader.framework in Frameworks */ = {isa = PBXBuildFile; fileRef = 07001BF1EA7BCF832DFA59ED /* Pods_MachReader.framework */; };
/* End PBXBuildFile section */

/* Begin PBXFileReference section */
		07001BF1EA7BCF832DFA59ED /* Pods_MachReader.framework */ = {isa = PBXFileReference; explicitFileType = wrapper.framework; includeInIndex = 0; path = Pods_MachReader.framework; sourceTree = BUILT_PRODUCTS_DIR; };
		2593F82120B8073200319C1B /* MachReader.app */ = {isa = PBXFileReference; explicitFileType = wrapper.application; includeInIndex = 0; path = MachReader.app; sourceTree = BUILT_PRODUCTS_DIR; };
		2593F82420B8073200319C1B /* AppDelegate.swift */ = {isa = PBXFileReference; lastKnownFileType = sourcecode.swift; path = AppDelegate.swift; sourceTree = "<group>"; };
		2593F82620B8073200319C1B /* ViewController.swift */ = {isa = PBXFileReference; lastKnownFileType = sourcecode.swift; path = ViewController.swift; sourceTree = "<group>"; };
		2593F82920B8073200319C1B /* Base */ = {isa = PBXFileReference; lastKnownFileType = file.storyboard; name = Base; path = Base.lproj/Main.storyboard; sourceTree = "<group>"; };
		2593F82B20B8073200319C1B /* Assets.xcassets */ = {isa = PBXFileReference; lastKnownFileType = folder.assetcatalog; path = Assets.xcassets; sourceTree = "<group>"; };
		2593F82E20B8073200319C1B /* Base */ = {isa = PBXFileReference; lastKnownFileType = file.storyboard; name = Base; path = Base.lproj/LaunchScreen.storyboard; sourceTree = "<group>"; };
		2593F83020B8073200319C1B /* Info.plist */ = {isa = PBXFileReference; lastKnownFileType = text.plist.xml; path = Info.plist; sourceTree = "<group>"; };
		2593F83720B8074D00319C1B /* PdfReaderViewController.swift */ = {isa = PBXFileReference; lastKnownFileType = sourcecode.swift; path = PdfReaderViewController.swift; sourceTree = "<group>"; };
		2593F83920B8075500319C1B /* PdfReader.storyboard */ = {isa = PBXFileReference; lastKnownFileType = file.storyboard; path = PdfReader.storyboard; sourceTree = "<group>"; };
		2593F83B20B808D600319C1B /* sample.pdf */ = {isa = PBXFileReference; lastKnownFileType = image.pdf; path = sample.pdf; sourceTree = "<group>"; };
		2593F83D20B83E1700319C1B /* MachReader.entitlements */ = {isa = PBXFileReference; lastKnownFileType = text.plist.entitlements; path = MachReader.entitlements; sourceTree = "<group>"; };
		2593F83F20B83E1E00319C1B /* CloudKit.framework */ = {isa = PBXFileReference; lastKnownFileType = wrapper.framework; name = CloudKit.framework; path = System/Library/Frameworks/CloudKit.framework; sourceTree = SDKROOT; };
		2593F84120B842AF00319C1B /* GoogleService-Info.plist */ = {isa = PBXFileReference; lastKnownFileType = text.plist.xml; path = "GoogleService-Info.plist"; sourceTree = "<group>"; };
		25B2B94B20B9625B00B8E93B /* Comment.swift */ = {isa = PBXFileReference; lastKnownFileType = sourcecode.swift; path = Comment.swift; sourceTree = "<group>"; };
		25B2B94D20B9629800B8E93B /* Highlight.swift */ = {isa = PBXFileReference; lastKnownFileType = sourcecode.swift; path = Highlight.swift; sourceTree = "<group>"; };
		25B2B95120B9705D00B8E93B /* User.swift */ = {isa = PBXFileReference; lastKnownFileType = sourcecode.swift; path = User.swift; sourceTree = "<group>"; };
		25B2B95320B9713E00B8E93B /* Book.swift */ = {isa = PBXFileReference; lastKnownFileType = sourcecode.swift; path = Book.swift; sourceTree = "<group>"; };
		25B2B95520B974E400B8E93B /* AddCommentViewController.swift */ = {isa = PBXFileReference; lastKnownFileType = sourcecode.swift; path = AddCommentViewController.swift; sourceTree = "<group>"; };
		25B2B95720B974F000B8E93B /* AddComment.storyboard */ = {isa = PBXFileReference; lastKnownFileType = file.storyboard; path = AddComment.storyboard; sourceTree = "<group>"; };
		25B2B95A20B9A56D00B8E93B /* SHA1.swift */ = {isa = PBXFileReference; lastKnownFileType = sourcecode.swift; path = SHA1.swift; sourceTree = "<group>"; };
		25B2B95C20BAB09500B8E93B /* NotificationObserver.swift */ = {isa = PBXFileReference; lastKnownFileType = sourcecode.swift; path = NotificationObserver.swift; sourceTree = "<group>"; };
		25DFCFE620BC3705001C84F5 /* HomeViewController.swift */ = {isa = PBXFileReference; lastKnownFileType = sourcecode.swift; path = HomeViewController.swift; sourceTree = "<group>"; };
		25DFCFE820BC3710001C84F5 /* Home.storyboard */ = {isa = PBXFileReference; lastKnownFileType = file.storyboard; path = Home.storyboard; sourceTree = "<group>"; };
		25DFCFF820C2AA82001C84F5 /* BookCollectionViewCell.swift */ = {isa = PBXFileReference; lastKnownFileType = sourcecode.swift; path = BookCollectionViewCell.swift; sourceTree = "<group>"; };
		25DFCFFA20C2AA91001C84F5 /* BookCollectionViewCell.xib */ = {isa = PBXFileReference; lastKnownFileType = file.xib; path = BookCollectionViewCell.xib; sourceTree = "<group>"; };
		25DFCFFD20C2AC90001C84F5 /* HomeViewModel.swift */ = {isa = PBXFileReference; lastKnownFileType = sourcecode.swift; path = HomeViewModel.swift; sourceTree = "<group>"; };
		25DFD00420C565C6001C84F5 /* CommentsViewController.swift */ = {isa = PBXFileReference; lastKnownFileType = sourcecode.swift; path = CommentsViewController.swift; sourceTree = "<group>"; };
		25DFD00620C565CF001C84F5 /* Comments.storyboard */ = {isa = PBXFileReference; lastKnownFileType = file.storyboard; path = Comments.storyboard; sourceTree = "<group>"; };
		25DFD00820C6A67B001C84F5 /* PdfReaderViewModel.swift */ = {isa = PBXFileReference; lastKnownFileType = sourcecode.swift; path = PdfReaderViewModel.swift; sourceTree = "<group>"; };
		25DFD00A20C6AF93001C84F5 /* CommentTableViewCell.swift */ = {isa = PBXFileReference; lastKnownFileType = sourcecode.swift; path = CommentTableViewCell.swift; sourceTree = "<group>"; };
		25DFD00C20C6AFA8001C84F5 /* CommentTableViewCell.xib */ = {isa = PBXFileReference; lastKnownFileType = file.xib; path = CommentTableViewCell.xib; sourceTree = "<group>"; };
		25DFD00E20C96364001C84F5 /* ReadStatus.swift */ = {isa = PBXFileReference; lastKnownFileType = sourcecode.swift; path = ReadStatus.swift; sourceTree = "<group>"; };
		25DFD01020CB852D001C84F5 /* RandomString.swift */ = {isa = PBXFileReference; lastKnownFileType = sourcecode.swift; path = RandomString.swift; sourceTree = "<group>"; };
		25DFD01820D494A0001C84F5 /* CommentsViewModel.swift */ = {isa = PBXFileReference; lastKnownFileType = sourcecode.swift; path = CommentsViewModel.swift; sourceTree = "<group>"; };
		25DFD01F20D678EE001C84F5 /* HighlightListViewController.swift */ = {isa = PBXFileReference; lastKnownFileType = sourcecode.swift; path = HighlightListViewController.swift; sourceTree = "<group>"; };
		25DFD02120D6795B001C84F5 /* HighlightListViewModel.swift */ = {isa = PBXFileReference; lastKnownFileType = sourcecode.swift; path = HighlightListViewModel.swift; sourceTree = "<group>"; };
		25DFD02320D67BB3001C84F5 /* HighlightList.storyboard */ = {isa = PBXFileReference; lastKnownFileType = file.storyboard; path = HighlightList.storyboard; sourceTree = "<group>"; };
		25DFD02520D69749001C84F5 /* HighlightSummaryTableViewCell.swift */ = {isa = PBXFileReference; lastKnownFileType = sourcecode.swift; path = HighlightSummaryTableViewCell.swift; sourceTree = "<group>"; };
		25DFD02720D69758001C84F5 /* HighlightSummaryTableViewCell.xib */ = {isa = PBXFileReference; lastKnownFileType = file.xib; path = HighlightSummaryTableViewCell.xib; sourceTree = "<group>"; };
		25DFD02920D80728001C84F5 /* DateUtil.swift */ = {isa = PBXFileReference; lastKnownFileType = sourcecode.swift; path = DateUtil.swift; sourceTree = "<group>"; };
		25DFD02C20DBF90A001C84F5 /* BookSettingsViewController.swift */ = {isa = PBXFileReference; lastKnownFileType = sourcecode.swift; path = BookSettingsViewController.swift; sourceTree = "<group>"; };
		25DFD02E20DBF925001C84F5 /* BookSettings.storyboard */ = {isa = PBXFileReference; lastKnownFileType = file.storyboard; path = BookSettings.storyboard; sourceTree = "<group>"; };
		25DFD03020DC6EF3001C84F5 /* UserDefaultsUtil.swift */ = {isa = PBXFileReference; lastKnownFileType = sourcecode.swift; path = UserDefaultsUtil.swift; sourceTree = "<group>"; };
		25DFD03220DDDE59001C84F5 /* BookSettingsViewModel.swift */ = {isa = PBXFileReference; lastKnownFileType = sourcecode.swift; path = BookSettingsViewModel.swift; sourceTree = "<group>"; };
		BCA1043EB48565CAFD50F509 /* Pods-MachReader.debug.xcconfig */ = {isa = PBXFileReference; includeInIndex = 1; lastKnownFileType = text.xcconfig; name = "Pods-MachReader.debug.xcconfig"; path = "Pods/Target Support Files/Pods-MachReader/Pods-MachReader.debug.xcconfig"; sourceTree = "<group>"; };
		FA562CF4233AE72D14C10969 /* Pods-MachReader.release.xcconfig */ = {isa = PBXFileReference; includeInIndex = 1; lastKnownFileType = text.xcconfig; name = "Pods-MachReader.release.xcconfig"; path = "Pods/Target Support Files/Pods-MachReader/Pods-MachReader.release.xcconfig"; sourceTree = "<group>"; };
/* End PBXFileReference section */

/* Begin PBXFrameworksBuildPhase section */
		2593F81E20B8073200319C1B /* Frameworks */ = {
			isa = PBXFrameworksBuildPhase;
			buildActionMask = 2147483647;
			files = (
				2593F84020B83E1E00319C1B /* CloudKit.framework in Frameworks */,
				BDF1A311C04A47F52E580EF1 /* Pods_MachReader.framework in Frameworks */,
			);
			runOnlyForDeploymentPostprocessing = 0;
		};
/* End PBXFrameworksBuildPhase section */

/* Begin PBXGroup section */
		2593F81820B8073200319C1B = {
			isa = PBXGroup;
			children = (
				2593F82320B8073200319C1B /* MachReader */,
				2593F82220B8073200319C1B /* Products */,
				2593F83E20B83E1E00319C1B /* Frameworks */,
				FE96C9E0DFFBF843182152D7 /* Pods */,
			);
			sourceTree = "<group>";
		};
		2593F82220B8073200319C1B /* Products */ = {
			isa = PBXGroup;
			children = (
				2593F82120B8073200319C1B /* MachReader.app */,
			);
			name = Products;
			sourceTree = "<group>";
		};
		2593F82320B8073200319C1B /* MachReader */ = {
			isa = PBXGroup;
			children = (
				25DFCFFC20C2AC6E001C84F5 /* ViewModels */,
				25B2B95920B9A55A00B8E93B /* Utils */,
				25B2B94820B9601F00B8E93B /* Models */,
				2593F83D20B83E1700319C1B /* MachReader.entitlements */,
				2593F83B20B808D600319C1B /* sample.pdf */,
				2593F83620B8073D00319C1B /* Views */,
				2593F82420B8073200319C1B /* AppDelegate.swift */,
				2593F82620B8073200319C1B /* ViewController.swift */,
				2593F82820B8073200319C1B /* Main.storyboard */,
				2593F82B20B8073200319C1B /* Assets.xcassets */,
				2593F82D20B8073200319C1B /* LaunchScreen.storyboard */,
				2593F83020B8073200319C1B /* Info.plist */,
				2593F84120B842AF00319C1B /* GoogleService-Info.plist */,
			);
			path = MachReader;
			sourceTree = "<group>";
		};
		2593F83620B8073D00319C1B /* Views */ = {
			isa = PBXGroup;
			children = (
				25DFD02B20DBF57A001C84F5 /* Settings */,
				25DFD01E20D67884001C84F5 /* HighlightSummary */,
				25DFD00020C38C0E001C84F5 /* Comment */,
				25DFCFFF20C38BF9001C84F5 /* Reader */,
				25DFCFF720C2AA33001C84F5 /* Home */,
			);
			path = Views;
			sourceTree = "<group>";
		};
		2593F83E20B83E1E00319C1B /* Frameworks */ = {
			isa = PBXGroup;
			children = (
				2593F83F20B83E1E00319C1B /* CloudKit.framework */,
				07001BF1EA7BCF832DFA59ED /* Pods_MachReader.framework */,
			);
			name = Frameworks;
			sourceTree = "<group>";
		};
		25B2B94820B9601F00B8E93B /* Models */ = {
			isa = PBXGroup;
			children = (
				25B2B94B20B9625B00B8E93B /* Comment.swift */,
				25B2B94D20B9629800B8E93B /* Highlight.swift */,
				25B2B95120B9705D00B8E93B /* User.swift */,
				25B2B95320B9713E00B8E93B /* Book.swift */,
				25DFD00E20C96364001C84F5 /* ReadStatus.swift */,
			);
			path = Models;
			sourceTree = "<group>";
		};
		25B2B95920B9A55A00B8E93B /* Utils */ = {
			isa = PBXGroup;
			children = (
				25B2B95A20B9A56D00B8E93B /* SHA1.swift */,
				25B2B95C20BAB09500B8E93B /* NotificationObserver.swift */,
				25DFD01020CB852D001C84F5 /* RandomString.swift */,
				25DFD02920D80728001C84F5 /* DateUtil.swift */,
				25DFD03020DC6EF3001C84F5 /* UserDefaultsUtil.swift */,
			);
			path = Utils;
			sourceTree = "<group>";
		};
		25DFCFF720C2AA33001C84F5 /* Home */ = {
			isa = PBXGroup;
			children = (
				25DFCFE620BC3705001C84F5 /* HomeViewController.swift */,
				25DFCFE820BC3710001C84F5 /* Home.storyboard */,
				25DFCFF820C2AA82001C84F5 /* BookCollectionViewCell.swift */,
				25DFCFFA20C2AA91001C84F5 /* BookCollectionViewCell.xib */,
			);
			path = Home;
			sourceTree = "<group>";
		};
		25DFCFFC20C2AC6E001C84F5 /* ViewModels */ = {
			isa = PBXGroup;
			children = (
				25DFCFFD20C2AC90001C84F5 /* HomeViewModel.swift */,
				25DFD00820C6A67B001C84F5 /* PdfReaderViewModel.swift */,
				25DFD01820D494A0001C84F5 /* CommentsViewModel.swift */,
				25DFD02120D6795B001C84F5 /* HighlightListViewModel.swift */,
				25DFD03220DDDE59001C84F5 /* BookSettingsViewModel.swift */,
			);
			path = ViewModels;
			sourceTree = "<group>";
		};
		25DFCFFF20C38BF9001C84F5 /* Reader */ = {
			isa = PBXGroup;
			children = (
				2593F83720B8074D00319C1B /* PdfReaderViewController.swift */,
				2593F83920B8075500319C1B /* PdfReader.storyboard */,
			);
			path = Reader;
			sourceTree = "<group>";
		};
		25DFD00020C38C0E001C84F5 /* Comment */ = {
			isa = PBXGroup;
			children = (
				25B2B95720B974F000B8E93B /* AddComment.storyboard */,
				25B2B95520B974E400B8E93B /* AddCommentViewController.swift */,
				25DFD00420C565C6001C84F5 /* CommentsViewController.swift */,
				25DFD00620C565CF001C84F5 /* Comments.storyboard */,
				25DFD00A20C6AF93001C84F5 /* CommentTableViewCell.swift */,
				25DFD00C20C6AFA8001C84F5 /* CommentTableViewCell.xib */,
			);
			path = Comment;
			sourceTree = "<group>";
		};
		25DFD01E20D67884001C84F5 /* HighlightSummary */ = {
			isa = PBXGroup;
			children = (
				25DFD01F20D678EE001C84F5 /* HighlightListViewController.swift */,
				25DFD02320D67BB3001C84F5 /* HighlightList.storyboard */,
				25DFD02520D69749001C84F5 /* HighlightSummaryTableViewCell.swift */,
				25DFD02720D69758001C84F5 /* HighlightSummaryTableViewCell.xib */,
			);
			path = HighlightSummary;
			sourceTree = "<group>";
		};
		25DFD02B20DBF57A001C84F5 /* Settings */ = {
			isa = PBXGroup;
			children = (
				25DFD02C20DBF90A001C84F5 /* BookSettingsViewController.swift */,
				25DFD02E20DBF925001C84F5 /* BookSettings.storyboard */,
			);
			path = Settings;
			sourceTree = "<group>";
		};
		FE96C9E0DFFBF843182152D7 /* Pods */ = {
			isa = PBXGroup;
			children = (
				BCA1043EB48565CAFD50F509 /* Pods-MachReader.debug.xcconfig */,
				FA562CF4233AE72D14C10969 /* Pods-MachReader.release.xcconfig */,
			);
			name = Pods;
			sourceTree = "<group>";
		};
/* End PBXGroup section */

/* Begin PBXNativeTarget section */
		2593F82020B8073200319C1B /* MachReader */ = {
			isa = PBXNativeTarget;
			buildConfigurationList = 2593F83320B8073200319C1B /* Build configuration list for PBXNativeTarget "MachReader" */;
			buildPhases = (
				4A2700C9201CF16AC1AECD21 /* [CP] Check Pods Manifest.lock */,
				2593F81D20B8073200319C1B /* Sources */,
				2593F81E20B8073200319C1B /* Frameworks */,
				2593F81F20B8073200319C1B /* Resources */,
				F36B36615FAB32E4F9C76B02 /* [CP] Embed Pods Frameworks */,
				EDBDAAE912F32AC58B0D173A /* [CP] Copy Pods Resources */,
				25DFD00320C42D19001C84F5 /* ShellScript */,
			);
			buildRules = (
			);
			dependencies = (
			);
			name = MachReader;
			productName = MachReader;
			productReference = 2593F82120B8073200319C1B /* MachReader.app */;
			productType = "com.apple.product-type.application";
		};
/* End PBXNativeTarget section */

/* Begin PBXProject section */
		2593F81920B8073200319C1B /* Project object */ = {
			isa = PBXProject;
			attributes = {
				LastSwiftUpdateCheck = 0920;
				LastUpgradeCheck = 0920;
				ORGANIZATIONNAME = "mach-technologies";
				TargetAttributes = {
					2593F82020B8073200319C1B = {
						CreatedOnToolsVersion = 9.2;
						ProvisioningStyle = Automatic;
						SystemCapabilities = {
							com.apple.Push = {
								enabled = 1;
							};
							com.apple.iCloud = {
								enabled = 1;
							};
						};
					};
				};
			};
			buildConfigurationList = 2593F81C20B8073200319C1B /* Build configuration list for PBXProject "MachReader" */;
			compatibilityVersion = "Xcode 8.0";
			developmentRegion = en;
			hasScannedForEncodings = 0;
			knownRegions = (
				en,
				Base,
			);
			mainGroup = 2593F81820B8073200319C1B;
			productRefGroup = 2593F82220B8073200319C1B /* Products */;
			projectDirPath = "";
			projectRoot = "";
			targets = (
				2593F82020B8073200319C1B /* MachReader */,
			);
		};
/* End PBXProject section */

/* Begin PBXResourcesBuildPhase section */
		2593F81F20B8073200319C1B /* Resources */ = {
			isa = PBXResourcesBuildPhase;
			buildActionMask = 2147483647;
			files = (
				2593F83A20B8075500319C1B /* PdfReader.storyboard in Resources */,
				2593F82F20B8073200319C1B /* LaunchScreen.storyboard in Resources */,
				25DFD02820D69758001C84F5 /* HighlightSummaryTableViewCell.xib in Resources */,
				2593F82C20B8073200319C1B /* Assets.xcassets in Resources */,
				2593F82A20B8073200319C1B /* Main.storyboard in Resources */,
				25DFCFFB20C2AA91001C84F5 /* BookCollectionViewCell.xib in Resources */,
				2593F83C20B808D600319C1B /* sample.pdf in Resources */,
				25DFD00720C565CF001C84F5 /* Comments.storyboard in Resources */,
				25DFD02420D67BB3001C84F5 /* HighlightList.storyboard in Resources */,
				25B2B95820B974F000B8E93B /* AddComment.storyboard in Resources */,
				25DFD00D20C6AFA8001C84F5 /* CommentTableViewCell.xib in Resources */,
				2593F84220B842AF00319C1B /* GoogleService-Info.plist in Resources */,
				25DFD02F20DBF925001C84F5 /* BookSettings.storyboard in Resources */,
				25DFCFE920BC3710001C84F5 /* Home.storyboard in Resources */,
			);
			runOnlyForDeploymentPostprocessing = 0;
		};
/* End PBXResourcesBuildPhase section */

/* Begin PBXShellScriptBuildPhase section */
		25DFD00320C42D19001C84F5 /* ShellScript */ = {
			isa = PBXShellScriptBuildPhase;
			buildActionMask = 2147483647;
			files = (
			);
			inputPaths = (
			);
			outputPaths = (
			);
			runOnlyForDeploymentPostprocessing = 0;
			shellPath = /bin/sh;
			shellScript = "\"${PODS_ROOT}/Fabric/run\"";
		};
		4A2700C9201CF16AC1AECD21 /* [CP] Check Pods Manifest.lock */ = {
			isa = PBXShellScriptBuildPhase;
			buildActionMask = 2147483647;
			files = (
			);
			inputPaths = (
				"${PODS_PODFILE_DIR_PATH}/Podfile.lock",
				"${PODS_ROOT}/Manifest.lock",
			);
			name = "[CP] Check Pods Manifest.lock";
			outputPaths = (
				"$(DERIVED_FILE_DIR)/Pods-MachReader-checkManifestLockResult.txt",
			);
			runOnlyForDeploymentPostprocessing = 0;
			shellPath = /bin/sh;
			shellScript = "diff \"${PODS_PODFILE_DIR_PATH}/Podfile.lock\" \"${PODS_ROOT}/Manifest.lock\" > /dev/null\nif [ $? != 0 ] ; then\n    # print error to STDERR\n    echo \"error: The sandbox is not in sync with the Podfile.lock. Run 'pod install' or update your CocoaPods installation.\" >&2\n    exit 1\nfi\n# This output is used by Xcode 'outputs' to avoid re-running this script phase.\necho \"SUCCESS\" > \"${SCRIPT_OUTPUT_FILE_0}\"\n";
			showEnvVarsInLog = 0;
		};
		EDBDAAE912F32AC58B0D173A /* [CP] Copy Pods Resources */ = {
			isa = PBXShellScriptBuildPhase;
			buildActionMask = 2147483647;
			files = (
			);
			inputPaths = (
			);
			name = "[CP] Copy Pods Resources";
			outputPaths = (
			);
			runOnlyForDeploymentPostprocessing = 0;
			shellPath = /bin/sh;
			shellScript = "\"${SRCROOT}/Pods/Target Support Files/Pods-MachReader/Pods-MachReader-resources.sh\"\n";
			showEnvVarsInLog = 0;
		};
		F36B36615FAB32E4F9C76B02 /* [CP] Embed Pods Frameworks */ = {
			isa = PBXShellScriptBuildPhase;
			buildActionMask = 2147483647;
			files = (
			);
			inputPaths = (
				"${SRCROOT}/Pods/Target Support Files/Pods-MachReader/Pods-MachReader-frameworks.sh",
				"${BUILT_PRODUCTS_DIR}/BoringSSL/openssl.framework",
				"${BUILT_PRODUCTS_DIR}/GTMSessionFetcher/GTMSessionFetcher.framework",
				"${BUILT_PRODUCTS_DIR}/GoogleToolboxForMac/GoogleToolboxForMac.framework",
				"${BUILT_PRODUCTS_DIR}/GrowingTextView/GrowingTextView.framework",
				"${BUILT_PRODUCTS_DIR}/IGIdenticon/IGIdenticon.framework",
				"${BUILT_PRODUCTS_DIR}/Kingfisher/Kingfisher.framework",
				"${BUILT_PRODUCTS_DIR}/NVActivityIndicatorView/NVActivityIndicatorView.framework",
				"${BUILT_PRODUCTS_DIR}/Protobuf/Protobuf.framework",
				"${BUILT_PRODUCTS_DIR}/gRPC/GRPCClient.framework",
				"${BUILT_PRODUCTS_DIR}/gRPC-Core/grpc.framework",
				"${BUILT_PRODUCTS_DIR}/gRPC-ProtoRPC/ProtoRPC.framework",
				"${BUILT_PRODUCTS_DIR}/gRPC-RxLibrary/RxLibrary.framework",
				"${BUILT_PRODUCTS_DIR}/leveldb-library/leveldb.framework",
				"${BUILT_PRODUCTS_DIR}/nanopb/nanopb.framework",
			);
			name = "[CP] Embed Pods Frameworks";
			outputPaths = (
				"${TARGET_BUILD_DIR}/${FRAMEWORKS_FOLDER_PATH}/openssl.framework",
				"${TARGET_BUILD_DIR}/${FRAMEWORKS_FOLDER_PATH}/GTMSessionFetcher.framework",
				"${TARGET_BUILD_DIR}/${FRAMEWORKS_FOLDER_PATH}/GoogleToolboxForMac.framework",
				"${TARGET_BUILD_DIR}/${FRAMEWORKS_FOLDER_PATH}/GrowingTextView.framework",
				"${TARGET_BUILD_DIR}/${FRAMEWORKS_FOLDER_PATH}/IGIdenticon.framework",
				"${TARGET_BUILD_DIR}/${FRAMEWORKS_FOLDER_PATH}/Kingfisher.framework",
				"${TARGET_BUILD_DIR}/${FRAMEWORKS_FOLDER_PATH}/NVActivityIndicatorView.framework",
				"${TARGET_BUILD_DIR}/${FRAMEWORKS_FOLDER_PATH}/Protobuf.framework",
				"${TARGET_BUILD_DIR}/${FRAMEWORKS_FOLDER_PATH}/GRPCClient.framework",
				"${TARGET_BUILD_DIR}/${FRAMEWORKS_FOLDER_PATH}/grpc.framework",
				"${TARGET_BUILD_DIR}/${FRAMEWORKS_FOLDER_PATH}/ProtoRPC.framework",
				"${TARGET_BUILD_DIR}/${FRAMEWORKS_FOLDER_PATH}/RxLibrary.framework",
				"${TARGET_BUILD_DIR}/${FRAMEWORKS_FOLDER_PATH}/leveldb.framework",
				"${TARGET_BUILD_DIR}/${FRAMEWORKS_FOLDER_PATH}/nanopb.framework",
			);
			runOnlyForDeploymentPostprocessing = 0;
			shellPath = /bin/sh;
			shellScript = "\"${SRCROOT}/Pods/Target Support Files/Pods-MachReader/Pods-MachReader-frameworks.sh\"\n";
			showEnvVarsInLog = 0;
		};
/* End PBXShellScriptBuildPhase section */

/* Begin PBXSourcesBuildPhase section */
		2593F81D20B8073200319C1B /* Sources */ = {
			isa = PBXSourcesBuildPhase;
			buildActionMask = 2147483647;
			files = (
				2593F82720B8073200319C1B /* ViewController.swift in Sources */,
				2593F83820B8074D00319C1B /* PdfReaderViewController.swift in Sources */,
				25DFD03320DDDE59001C84F5 /* BookSettingsViewModel.swift in Sources */,
				25DFD00520C565C6001C84F5 /* CommentsViewController.swift in Sources */,
				25B2B95420B9713E00B8E93B /* Book.swift in Sources */,
				25B2B95220B9705D00B8E93B /* User.swift in Sources */,
				25B2B95D20BAB09500B8E93B /* NotificationObserver.swift in Sources */,
				25B2B95620B974E400B8E93B /* AddCommentViewController.swift in Sources */,
				25B2B95B20B9A56D00B8E93B /* SHA1.swift in Sources */,
				25DFCFE720BC3705001C84F5 /* HomeViewController.swift in Sources */,
				25DFD02220D6795B001C84F5 /* HighlightListViewModel.swift in Sources */,
				25DFD00F20C96364001C84F5 /* ReadStatus.swift in Sources */,
				25DFCFFE20C2AC90001C84F5 /* HomeViewModel.swift in Sources */,
				25DFD01120CB852D001C84F5 /* RandomString.swift in Sources */,
				25DFD03120DC6EF3001C84F5 /* UserDefaultsUtil.swift in Sources */,
				25DFD00920C6A67B001C84F5 /* PdfReaderViewModel.swift in Sources */,
				25DFD02020D678EE001C84F5 /* HighlightListViewController.swift in Sources */,
				25DFD02620D69749001C84F5 /* HighlightSummaryTableViewCell.swift in Sources */,
				25DFD00B20C6AF93001C84F5 /* CommentTableViewCell.swift in Sources */,
				2593F82520B8073200319C1B /* AppDelegate.swift in Sources */,
				25DFCFF920C2AA82001C84F5 /* BookCollectionViewCell.swift in Sources */,
				25DFD01920D494A0001C84F5 /* CommentsViewModel.swift in Sources */,
				25DFD02D20DBF90A001C84F5 /* BookSettingsViewController.swift in Sources */,
				25B2B94C20B9625B00B8E93B /* Comment.swift in Sources */,
				25B2B94E20B9629800B8E93B /* Highlight.swift in Sources */,
				25DFD02A20D80728001C84F5 /* DateUtil.swift in Sources */,
			);
			runOnlyForDeploymentPostprocessing = 0;
		};
/* End PBXSourcesBuildPhase section */

/* Begin PBXVariantGroup section */
		2593F82820B8073200319C1B /* Main.storyboard */ = {
			isa = PBXVariantGroup;
			children = (
				2593F82920B8073200319C1B /* Base */,
			);
			name = Main.storyboard;
			sourceTree = "<group>";
		};
		2593F82D20B8073200319C1B /* LaunchScreen.storyboard */ = {
			isa = PBXVariantGroup;
			children = (
				2593F82E20B8073200319C1B /* Base */,
			);
			name = LaunchScreen.storyboard;
			sourceTree = "<group>";
		};
/* End PBXVariantGroup section */

/* Begin XCBuildConfiguration section */
		2593F83120B8073200319C1B /* Debug */ = {
			isa = XCBuildConfiguration;
			buildSettings = {
				ALWAYS_SEARCH_USER_PATHS = NO;
				CLANG_ANALYZER_NONNULL = YES;
				CLANG_ANALYZER_NUMBER_OBJECT_CONVERSION = YES_AGGRESSIVE;
				CLANG_CXX_LANGUAGE_STANDARD = "gnu++14";
				CLANG_CXX_LIBRARY = "libc++";
				CLANG_ENABLE_MODULES = YES;
				CLANG_ENABLE_OBJC_ARC = YES;
				CLANG_WARN_BLOCK_CAPTURE_AUTORELEASING = YES;
				CLANG_WARN_BOOL_CONVERSION = YES;
				CLANG_WARN_COMMA = YES;
				CLANG_WARN_CONSTANT_CONVERSION = YES;
				CLANG_WARN_DIRECT_OBJC_ISA_USAGE = YES_ERROR;
				CLANG_WARN_DOCUMENTATION_COMMENTS = YES;
				CLANG_WARN_EMPTY_BODY = YES;
				CLANG_WARN_ENUM_CONVERSION = YES;
				CLANG_WARN_INFINITE_RECURSION = YES;
				CLANG_WARN_INT_CONVERSION = YES;
				CLANG_WARN_NON_LITERAL_NULL_CONVERSION = YES;
				CLANG_WARN_OBJC_LITERAL_CONVERSION = YES;
				CLANG_WARN_OBJC_ROOT_CLASS = YES_ERROR;
				CLANG_WARN_RANGE_LOOP_ANALYSIS = YES;
				CLANG_WARN_STRICT_PROTOTYPES = YES;
				CLANG_WARN_SUSPICIOUS_MOVE = YES;
				CLANG_WARN_UNGUARDED_AVAILABILITY = YES_AGGRESSIVE;
				CLANG_WARN_UNREACHABLE_CODE = YES;
				CLANG_WARN__DUPLICATE_METHOD_MATCH = YES;
				CODE_SIGN_IDENTITY = "iPhone Developer";
				COPY_PHASE_STRIP = NO;
				DEBUG_INFORMATION_FORMAT = dwarf;
				ENABLE_STRICT_OBJC_MSGSEND = YES;
				ENABLE_TESTABILITY = YES;
				GCC_C_LANGUAGE_STANDARD = gnu11;
				GCC_DYNAMIC_NO_PIC = NO;
				GCC_NO_COMMON_BLOCKS = YES;
				GCC_OPTIMIZATION_LEVEL = 0;
				GCC_PREPROCESSOR_DEFINITIONS = (
					"DEBUG=1",
					"$(inherited)",
				);
				GCC_WARN_64_TO_32_BIT_CONVERSION = YES;
				GCC_WARN_ABOUT_RETURN_TYPE = YES_ERROR;
				GCC_WARN_UNDECLARED_SELECTOR = YES;
				GCC_WARN_UNINITIALIZED_AUTOS = YES_AGGRESSIVE;
				GCC_WARN_UNUSED_FUNCTION = YES;
				GCC_WARN_UNUSED_VARIABLE = YES;
				IPHONEOS_DEPLOYMENT_TARGET = 11.2;
				MTL_ENABLE_DEBUG_INFO = YES;
				ONLY_ACTIVE_ARCH = YES;
				SDKROOT = iphoneos;
				SWIFT_ACTIVE_COMPILATION_CONDITIONS = DEBUG;
				SWIFT_OPTIMIZATION_LEVEL = "-Onone";
			};
			name = Debug;
		};
		2593F83220B8073200319C1B /* Release */ = {
			isa = XCBuildConfiguration;
			buildSettings = {
				ALWAYS_SEARCH_USER_PATHS = NO;
				CLANG_ANALYZER_NONNULL = YES;
				CLANG_ANALYZER_NUMBER_OBJECT_CONVERSION = YES_AGGRESSIVE;
				CLANG_CXX_LANGUAGE_STANDARD = "gnu++14";
				CLANG_CXX_LIBRARY = "libc++";
				CLANG_ENABLE_MODULES = YES;
				CLANG_ENABLE_OBJC_ARC = YES;
				CLANG_WARN_BLOCK_CAPTURE_AUTORELEASING = YES;
				CLANG_WARN_BOOL_CONVERSION = YES;
				CLANG_WARN_COMMA = YES;
				CLANG_WARN_CONSTANT_CONVERSION = YES;
				CLANG_WARN_DIRECT_OBJC_ISA_USAGE = YES_ERROR;
				CLANG_WARN_DOCUMENTATION_COMMENTS = YES;
				CLANG_WARN_EMPTY_BODY = YES;
				CLANG_WARN_ENUM_CONVERSION = YES;
				CLANG_WARN_INFINITE_RECURSION = YES;
				CLANG_WARN_INT_CONVERSION = YES;
				CLANG_WARN_NON_LITERAL_NULL_CONVERSION = YES;
				CLANG_WARN_OBJC_LITERAL_CONVERSION = YES;
				CLANG_WARN_OBJC_ROOT_CLASS = YES_ERROR;
				CLANG_WARN_RANGE_LOOP_ANALYSIS = YES;
				CLANG_WARN_STRICT_PROTOTYPES = YES;
				CLANG_WARN_SUSPICIOUS_MOVE = YES;
				CLANG_WARN_UNGUARDED_AVAILABILITY = YES_AGGRESSIVE;
				CLANG_WARN_UNREACHABLE_CODE = YES;
				CLANG_WARN__DUPLICATE_METHOD_MATCH = YES;
				CODE_SIGN_IDENTITY = "iPhone Developer";
				COPY_PHASE_STRIP = NO;
				DEBUG_INFORMATION_FORMAT = "dwarf-with-dsym";
				ENABLE_NS_ASSERTIONS = NO;
				ENABLE_STRICT_OBJC_MSGSEND = YES;
				GCC_C_LANGUAGE_STANDARD = gnu11;
				GCC_NO_COMMON_BLOCKS = YES;
				GCC_WARN_64_TO_32_BIT_CONVERSION = YES;
				GCC_WARN_ABOUT_RETURN_TYPE = YES_ERROR;
				GCC_WARN_UNDECLARED_SELECTOR = YES;
				GCC_WARN_UNINITIALIZED_AUTOS = YES_AGGRESSIVE;
				GCC_WARN_UNUSED_FUNCTION = YES;
				GCC_WARN_UNUSED_VARIABLE = YES;
				IPHONEOS_DEPLOYMENT_TARGET = 11.2;
				MTL_ENABLE_DEBUG_INFO = NO;
				SDKROOT = iphoneos;
				SWIFT_OPTIMIZATION_LEVEL = "-Owholemodule";
				VALIDATE_PRODUCT = YES;
			};
			name = Release;
		};
		2593F83420B8073200319C1B /* Debug */ = {
			isa = XCBuildConfiguration;
			baseConfigurationReference = BCA1043EB48565CAFD50F509 /* Pods-MachReader.debug.xcconfig */;
			buildSettings = {
				ASSETCATALOG_COMPILER_APPICON_NAME = AppIcon;
				CODE_SIGN_ENTITLEMENTS = MachReader/MachReader.entitlements;
				CODE_SIGN_STYLE = Automatic;
				DEVELOPMENT_TEAM = NAJPYUJBUB;
				INFOPLIST_FILE = MachReader/Info.plist;
				LD_RUNPATH_SEARCH_PATHS = "$(inherited) @executable_path/Frameworks";
				PRODUCT_BUNDLE_IDENTIFIER = "tech.mach.mach-reader";
				PRODUCT_NAME = "$(TARGET_NAME)";
				SWIFT_VERSION = 4.0;
				TARGETED_DEVICE_FAMILY = "1,2";
			};
			name = Debug;
		};
		2593F83520B8073200319C1B /* Release */ = {
			isa = XCBuildConfiguration;
			baseConfigurationReference = FA562CF4233AE72D14C10969 /* Pods-MachReader.release.xcconfig */;
			buildSettings = {
				ASSETCATALOG_COMPILER_APPICON_NAME = AppIcon;
				CODE_SIGN_ENTITLEMENTS = MachReader/MachReader.entitlements;
				CODE_SIGN_STYLE = Automatic;
				DEVELOPMENT_TEAM = NAJPYUJBUB;
				INFOPLIST_FILE = MachReader/Info.plist;
				LD_RUNPATH_SEARCH_PATHS = "$(inherited) @executable_path/Frameworks";
				PRODUCT_BUNDLE_IDENTIFIER = "tech.mach.mach-reader";
				PRODUCT_NAME = "$(TARGET_NAME)";
				SWIFT_VERSION = 4.0;
				TARGETED_DEVICE_FAMILY = "1,2";
			};
			name = Release;
		};
/* End XCBuildConfiguration section */

/* Begin XCConfigurationList section */
		2593F81C20B8073200319C1B /* Build configuration list for PBXProject "MachReader" */ = {
			isa = XCConfigurationList;
			buildConfigurations = (
				2593F83120B8073200319C1B /* Debug */,
				2593F83220B8073200319C1B /* Release */,
			);
			defaultConfigurationIsVisible = 0;
			defaultConfigurationName = Release;
		};
		2593F83320B8073200319C1B /* Build configuration list for PBXNativeTarget "MachReader" */ = {
			isa = XCConfigurationList;
			buildConfigurations = (
				2593F83420B8073200319C1B /* Debug */,
				2593F83520B8073200319C1B /* Release */,
			);
			defaultConfigurationIsVisible = 0;
			defaultConfigurationName = Release;
		};
/* End XCConfigurationList section */
	};
	rootObject = 2593F81920B8073200319C1B /* Project object */;
}
